
Microsoft Visual Studio Solution File, Format Version 12.00
# Visual Studio Version 16
VisualStudioVersion = 16.0.29926.136
MinimumVisualStudioVersion = 10.0.40219.1
Project("{FAE04EC0-301F-11D3-BF4B-00C04F79EFBC}") = "VideoStreamingUser", "VideoStreamingUser\VideoStreamingUser.csproj", "{945C4957-2218-44BE-90D8-E42B5A5CB19B}"
EndProject
Global
	GlobalSection(SolutionConfigurationPlatforms) = preSolution
		Debug|Any CPU = Debug|Any CPU
		Release|Any CPU = Release|Any CPU
	EndGlobalSection
	GlobalSection(ProjectConfigurationPlatforms) = postSolution
		{945C4957-2218-44BE-90D8-E42B5A5CB19B}.Debug|Any CPU.ActiveCfg = Debug|Any CPU
		{945C4957-2218-44BE-90D8-E42B5A5CB19B}.Debug|Any CPU.Build.0 = Debug|Any CPU
		{945C4957-2218-44BE-90D8-E42B5A5CB19B}.Release|Any CPU.ActiveCfg = Release|Any CPU
		{945C4957-2218-44BE-90D8-E42B5A5CB19B}.Release|Any CPU.Build.0 = Release|Any CPU
	EndGlobalSection
	GlobalSection(SolutionProperties) = preSolution
		HideSolutionNode = FALSE
	EndGlobalSection
	GlobalSection(ExtensibilityGlobals) = postSolution
		SolutionGuid = {153E3A63-28C9-473E-A158-43DD9C9D6801}
	EndGlobalSection
EndGlobal
